
Microsoft Visual Studio Solution File, Format Version 12.00
# Visual Studio Version 16
VisualStudioVersion = 16.0.30011.22
MinimumVisualStudioVersion = 10.0.40219.1
Project("{2150E333-8FDC-42A3-9474-1A3956D46DE8}") = "Common", "Common", "{A93546AF-2F01-4932-AB6D-758D1490EB10}"
EndProject
Project("{2150E333-8FDC-42A3-9474-1A3956D46DE8}") = "WebApp", "WebApp", "{B20369F5-97C0-42AE-B148-F6979AC0C331}"
EndProject
Project("{2150E333-8FDC-42A3-9474-1A3956D46DE8}") = "Database", "Database", "{BDE886FE-F8A6-4847-A08B-0A7BAB8BF5FD}"
EndProject
Project("{2150E333-8FDC-42A3-9474-1A3956D46DE8}") = "Models", "Models", "{46C18B1D-A283-4AB7-BE76-511A85597FB3}"
EndProject
Project("{2150E333-8FDC-42A3-9474-1A3956D46DE8}") = "WebHost", "WebHost", "{1D521874-52A5-4DA4-8AB6-D5B713512E95}"
EndProject
Project("{FAE04EC0-301F-11D3-BF4B-00C04F79EFBC}") = "PowerPack.Models", "PowerPack.Models\PowerPack.Models.csproj", "{CE5BDA25-C20B-4F2D-B896-453B63748762}"
EndProject
Project("{9A19103F-16F7-4668-BE54-9A1E7A4F7556}") = "DatabaseConnection", "DatabaseConnection\DatabaseConnection.csproj", "{E2BBAF71-6D7D-4856-B9E6-5745CF322E7E}"
EndProject
Project("{9A19103F-16F7-4668-BE54-9A1E7A4F7556}") = "Webhost.Customization", "Webhost.Customization\Webhost.Customization.csproj", "{F8F70DE3-57D7-4B17-9292-B1115D73C760}"
EndProject
Project("{FAE04EC0-301F-11D3-BF4B-00C04F79EFBC}") = "PowerPack.Common", "PowerPack.Common\PowerPack.Common.csproj", "{37603609-0267-4C1E-BDF8-1DC6FAB67827}"
EndProject
Project("{2150E333-8FDC-42A3-9474-1A3956D46DE8}") = "Services", "Services", "{5601ECFF-B3F2-4D40-A6FE-26A784591275}"
EndProject
Project("{2150E333-8FDC-42A3-9474-1A3956D46DE8}") = "Identity", "Identity", "{3F9FA5E4-1238-4DEA-A7E8-1CC8608532C5}"
EndProject
Project("{9A19103F-16F7-4668-BE54-9A1E7A4F7556}") = "PowerPack.API", "PowerPack.API\PowerPack.API.csproj", "{9666DF1B-3017-4834-80DC-070AC1A53C8F}"
EndProject
Project("{9A19103F-16F7-4668-BE54-9A1E7A4F7556}") = "Identity.API", "Identity.API\Identity.API.csproj", "{CD3D7285-B81E-4CE6-90C4-00A7F202F98B}"
EndProject
Project("{FAE04EC0-301F-11D3-BF4B-00C04F79EFBC}") = "PowerPackOnline.Web", "PowerPackOnline.Web\PowerPackOnline.Web.csproj", "{6EE954C5-4915-49C9-9CE2-496266AEF45F}"
EndProject
Project("{2150E333-8FDC-42A3-9474-1A3956D46DE8}") = "General", "General", "{70598E5F-10F7-4B38-85D1-6D05FB013EB3}"
	ProjectSection(SolutionItems) = preProject
		Asish.sql = Asish.sql
		CodeSnippets.txt = CodeSnippets.txt
		Khaleel.sql = Khaleel.sql
	EndProjectSection
EndProject
Project("{2150E333-8FDC-42A3-9474-1A3956D46DE8}") = "DBObjects", "DBObjects", "{31F69A4F-AA7B-47F1-8A98-B87F6294D64E}"
EndProject
Project("{00D1A9C2-B5F0-4AF3-8072-F6C62B433612}") = "PowerPackOnlineDBObjects", "PowerPackOnlineDBObjects\PowerPackOnlineDBObjects.sqlproj", "{7040470D-304B-498B-ADAB-E103418CD3B6}"
EndProject
Global
	GlobalSection(SolutionConfigurationPlatforms) = preSolution
		Debug|Any CPU = Debug|Any CPU
		Release|Any CPU = Release|Any CPU
	EndGlobalSection
	GlobalSection(ProjectConfigurationPlatforms) = postSolution
		{CE5BDA25-C20B-4F2D-B896-453B63748762}.Debug|Any CPU.ActiveCfg = Debug|Any CPU
		{CE5BDA25-C20B-4F2D-B896-453B63748762}.Debug|Any CPU.Build.0 = Debug|Any CPU
		{CE5BDA25-C20B-4F2D-B896-453B63748762}.Release|Any CPU.ActiveCfg = Release|Any CPU
		{CE5BDA25-C20B-4F2D-B896-453B63748762}.Release|Any CPU.Build.0 = Release|Any CPU
		{E2BBAF71-6D7D-4856-B9E6-5745CF322E7E}.Debug|Any CPU.ActiveCfg = Debug|Any CPU
		{E2BBAF71-6D7D-4856-B9E6-5745CF322E7E}.Debug|Any CPU.Build.0 = Debug|Any CPU
		{E2BBAF71-6D7D-4856-B9E6-5745CF322E7E}.Release|Any CPU.ActiveCfg = Release|Any CPU
		{E2BBAF71-6D7D-4856-B9E6-5745CF322E7E}.Release|Any CPU.Build.0 = Release|Any CPU
		{F8F70DE3-57D7-4B17-9292-B1115D73C760}.Debug|Any CPU.ActiveCfg = Debug|Any CPU
		{F8F70DE3-57D7-4B17-9292-B1115D73C760}.Debug|Any CPU.Build.0 = Debug|Any CPU
		{F8F70DE3-57D7-4B17-9292-B1115D73C760}.Release|Any CPU.ActiveCfg = Release|Any CPU
		{F8F70DE3-57D7-4B17-9292-B1115D73C760}.Release|Any CPU.Build.0 = Release|Any CPU
		{37603609-0267-4C1E-BDF8-1DC6FAB67827}.Debug|Any CPU.ActiveCfg = Debug|Any CPU
		{37603609-0267-4C1E-BDF8-1DC6FAB67827}.Debug|Any CPU.Build.0 = Debug|Any CPU
		{37603609-0267-4C1E-BDF8-1DC6FAB67827}.Release|Any CPU.ActiveCfg = Release|Any CPU
		{37603609-0267-4C1E-BDF8-1DC6FAB67827}.Release|Any CPU.Build.0 = Release|Any CPU
		{9666DF1B-3017-4834-80DC-070AC1A53C8F}.Debug|Any CPU.ActiveCfg = Debug|Any CPU
		{9666DF1B-3017-4834-80DC-070AC1A53C8F}.Debug|Any CPU.Build.0 = Debug|Any CPU
		{9666DF1B-3017-4834-80DC-070AC1A53C8F}.Release|Any CPU.ActiveCfg = Release|Any CPU
		{9666DF1B-3017-4834-80DC-070AC1A53C8F}.Release|Any CPU.Build.0 = Release|Any CPU
		{CD3D7285-B81E-4CE6-90C4-00A7F202F98B}.Debug|Any CPU.ActiveCfg = Debug|Any CPU
		{CD3D7285-B81E-4CE6-90C4-00A7F202F98B}.Debug|Any CPU.Build.0 = Debug|Any CPU
		{CD3D7285-B81E-4CE6-90C4-00A7F202F98B}.Release|Any CPU.ActiveCfg = Release|Any CPU
		{CD3D7285-B81E-4CE6-90C4-00A7F202F98B}.Release|Any CPU.Build.0 = Release|Any CPU
		{6EE954C5-4915-49C9-9CE2-496266AEF45F}.Debug|Any CPU.ActiveCfg = Debug|Any CPU
		{6EE954C5-4915-49C9-9CE2-496266AEF45F}.Debug|Any CPU.Build.0 = Debug|Any CPU
		{6EE954C5-4915-49C9-9CE2-496266AEF45F}.Release|Any CPU.ActiveCfg = Release|Any CPU
		{6EE954C5-4915-49C9-9CE2-496266AEF45F}.Release|Any CPU.Build.0 = Release|Any CPU
		{7040470D-304B-498B-ADAB-E103418CD3B6}.Debug|Any CPU.ActiveCfg = Debug|Any CPU
		{7040470D-304B-498B-ADAB-E103418CD3B6}.Debug|Any CPU.Build.0 = Debug|Any CPU
		{7040470D-304B-498B-ADAB-E103418CD3B6}.Debug|Any CPU.Deploy.0 = Debug|Any CPU
		{7040470D-304B-498B-ADAB-E103418CD3B6}.Release|Any CPU.ActiveCfg = Release|Any CPU
		{7040470D-304B-498B-ADAB-E103418CD3B6}.Release|Any CPU.Build.0 = Release|Any CPU
		{7040470D-304B-498B-ADAB-E103418CD3B6}.Release|Any CPU.Deploy.0 = Release|Any CPU
	EndGlobalSection
	GlobalSection(SolutionProperties) = preSolution
		HideSolutionNode = FALSE
	EndGlobalSection
	GlobalSection(NestedProjects) = preSolution
		{BDE886FE-F8A6-4847-A08B-0A7BAB8BF5FD} = {A93546AF-2F01-4932-AB6D-758D1490EB10}
		{46C18B1D-A283-4AB7-BE76-511A85597FB3} = {A93546AF-2F01-4932-AB6D-758D1490EB10}
		{1D521874-52A5-4DA4-8AB6-D5B713512E95} = {A93546AF-2F01-4932-AB6D-758D1490EB10}
		{CE5BDA25-C20B-4F2D-B896-453B63748762} = {46C18B1D-A283-4AB7-BE76-511A85597FB3}
		{E2BBAF71-6D7D-4856-B9E6-5745CF322E7E} = {BDE886FE-F8A6-4847-A08B-0A7BAB8BF5FD}
		{F8F70DE3-57D7-4B17-9292-B1115D73C760} = {1D521874-52A5-4DA4-8AB6-D5B713512E95}
		{37603609-0267-4C1E-BDF8-1DC6FAB67827} = {A93546AF-2F01-4932-AB6D-758D1490EB10}
		{3F9FA5E4-1238-4DEA-A7E8-1CC8608532C5} = {5601ECFF-B3F2-4D40-A6FE-26A784591275}
		{9666DF1B-3017-4834-80DC-070AC1A53C8F} = {5601ECFF-B3F2-4D40-A6FE-26A784591275}
		{CD3D7285-B81E-4CE6-90C4-00A7F202F98B} = {3F9FA5E4-1238-4DEA-A7E8-1CC8608532C5}
		{6EE954C5-4915-49C9-9CE2-496266AEF45F} = {B20369F5-97C0-42AE-B148-F6979AC0C331}
		{70598E5F-10F7-4B38-85D1-6D05FB013EB3} = {A93546AF-2F01-4932-AB6D-758D1490EB10}
		{7040470D-304B-498B-ADAB-E103418CD3B6} = {31F69A4F-AA7B-47F1-8A98-B87F6294D64E}
	EndGlobalSection
	GlobalSection(ExtensibilityGlobals) = postSolution
		SolutionGuid = {FF937AE9-ACE7-4C9B-BA5D-06BE5FDDE585}
	EndGlobalSection
EndGlobal
